version = 1
revision = 3
requires-python = ">=3.13"

[[package]]
name = "polars"
version = "1.32.0"
source = { registry = "https://pypi.org/simple" }
sdist = { url = "https://files.pythonhosted.org/packages/67/23/6a5f151981f3ac409bed6dc48a3eaecd0592a03eb382693d4c7e749eda8b/polars-1.32.0.tar.gz", hash = "sha256:b01045981c0f23eeccfbfc870b782f93e73b74b29212fdfc8aae0be9024bc1fb", size = 4761045, upload-time = "2025-08-01T01:43:22.413Z" }
wheels = [
    { url = "https://files.pythonhosted.org/packages/e2/40/5b27067d10b5a77ab4094932118e16629ffb20ea9ae5f7d1178e04087891/polars-1.32.0-cp39-abi3-macosx_10_12_x86_64.whl", hash = "sha256:94f7c6a3b30bc99bc6b682ea42bb1ae983e33a302ca21aacbac50ae19e34fcf2", size = 37479518, upload-time = "2025-08-01T01:42:18.603Z" },
    { url = "https://files.pythonhosted.org/packages/08/b7/ca28ac10d340fb91bffb2751efd52aebc9799ae161b867214c6299c8f75b/polars-1.32.0-cp39-abi3-macosx_11_0_arm64.whl", hash = "sha256:8bf14c16164839e62c741a863942a94a9a463db21e797452fca996c8afaf8827", size = 34214196, upload-time = "2025-08-01T01:42:22.667Z" },
    { url = "https://files.pythonhosted.org/packages/61/97/fe3797e8e1d4f9eadab32ffe218a841b8874585b6c9bd0f1a26469fb2992/polars-1.32.0-cp39-abi3-manylinux_2_17_x86_64.manylinux2014_x86_64.whl", hash = "sha256:f4c15adb97d44766d30c759f5cebbdb64d361e8349ef10b5afc7413f71bf4b72", size = 37985353, upload-time = "2025-08-01T01:42:26.033Z" },
    { url = "https://files.pythonhosted.org/packages/a0/7e/2baa2858556e970cc6a35c0d8ad34b2f9d982f1766c0a1fec20ca529a947/polars-1.32.0-cp39-abi3-manylinux_2_24_aarch64.whl", hash = "sha256:13af55890734f89b76016a395fb2e7460e7d9feecf50ed2f55cf0f05a1c0c991", size = 35183912, upload-time = "2025-08-01T01:42:30.446Z" },
    { url = "https://files.pythonhosted.org/packages/ef/41/0e6821dccc5871186a9b95af3990404aa283318263918d33ac974b35cb37/polars-1.32.0-cp39-abi3-win_amd64.whl", hash = "sha256:0397fc2501a5d5f1bb3fe8d27e0c26c7a5349b4110157c0fb7833cd3f5921c9e", size = 37747905, upload-time = "2025-08-01T01:42:33.975Z" },
    { url = "https://files.pythonhosted.org/packages/c2/93/d06df0817da93f922a67e27e9e0f407856991374daa62687e2a45a18935c/polars-1.32.0-cp39-abi3-win_arm64.whl", hash = "sha256:dd84e24422509e1ec9be46f67f758d0bd9944d1ae4eacecee4f53adaa8ecd822", size = 33978543, upload-time = "2025-08-01T01:42:36.779Z" },
]

[[package]]
name = "polars-quant"
version = "0.1.0"
source = { editable = "." }
dependencies = [
    { name = "polars" },
    { name = "pyarrow" },
]

[package.metadata]
requires-dist = [
    { name = "polars", specifier = "==1.32.0" },
    { name = "pyarrow", specifier = ">=21.0.0" },
]

[[package]]
name = "pyarrow"
version = "21.0.0"
source = { registry = "https://pypi.org/simple" }
sdist = { url = "https://files.pythonhosted.org/packages/ef/c2/ea068b8f00905c06329a3dfcd40d0fcc2b7d0f2e355bdb25b65e0a0e4cd4/pyarrow-21.0.0.tar.gz", hash = "sha256:5051f2dccf0e283ff56335760cbc8622cf52264d67e359d5569541ac11b6d5bc", size = 1133487, upload-time = "2025-07-18T00:57:31.761Z" }
wheels = [
    { url = "https://files.pythonhosted.org/packages/16/ca/c7eaa8e62db8fb37ce942b1ea0c6d7abfe3786ca193957afa25e71b81b66/pyarrow-21.0.0-cp313-cp313-macosx_12_0_arm64.whl", hash = "sha256:e99310a4ebd4479bcd1964dff9e14af33746300cb014aa4a3781738ac63baf4a", size = 31154306, upload-time = "2025-07-18T00:56:04.42Z" },
    { url = "https://files.pythonhosted.org/packages/ce/e8/e87d9e3b2489302b3a1aea709aaca4b781c5252fcb812a17ab6275a9a484/pyarrow-21.0.0-cp313-cp313-macosx_12_0_x86_64.whl", hash = "sha256:d2fe8e7f3ce329a71b7ddd7498b3cfac0eeb200c2789bd840234f0dc271a8efe", size = 32680622, upload-time = "2025-07-18T00:56:07.505Z" },
    { url = "https://files.pythonhosted.org/packages/84/52/79095d73a742aa0aba370c7942b1b655f598069489ab387fe47261a849e1/pyarrow-21.0.0-cp313-cp313-manylinux_2_28_aarch64.whl", hash = "sha256:f522e5709379d72fb3da7785aa489ff0bb87448a9dc5a75f45763a795a089ebd", size = 41104094, upload-time = "2025-07-18T00:56:10.994Z" },
    { url = "https://files.pythonhosted.org/packages/89/4b/7782438b551dbb0468892a276b8c789b8bbdb25ea5c5eb27faadd753e037/pyarrow-21.0.0-cp313-cp313-manylinux_2_28_x86_64.whl", hash = "sha256:69cbbdf0631396e9925e048cfa5bce4e8c3d3b41562bbd70c685a8eb53a91e61", size = 42825576, upload-time = "2025-07-18T00:56:15.569Z" },
    { url = "https://files.pythonhosted.org/packages/b3/62/0f29de6e0a1e33518dec92c65be0351d32d7ca351e51ec5f4f837a9aab91/pyarrow-21.0.0-cp313-cp313-musllinux_1_2_aarch64.whl", hash = "sha256:731c7022587006b755d0bdb27626a1a3bb004bb56b11fb30d98b6c1b4718579d", size = 43368342, upload-time = "2025-07-18T00:56:19.531Z" },
    { url = "https://files.pythonhosted.org/packages/90/c7/0fa1f3f29cf75f339768cc698c8ad4ddd2481c1742e9741459911c9ac477/pyarrow-21.0.0-cp313-cp313-musllinux_1_2_x86_64.whl", hash = "sha256:dc56bc708f2d8ac71bd1dcb927e458c93cec10b98eb4120206a4091db7b67b99", size = 45131218, upload-time = "2025-07-18T00:56:23.347Z" },
    { url = "https://files.pythonhosted.org/packages/01/63/581f2076465e67b23bc5a37d4a2abff8362d389d29d8105832e82c9c811c/pyarrow-21.0.0-cp313-cp313-win_amd64.whl", hash = "sha256:186aa00bca62139f75b7de8420f745f2af12941595bbbfa7ed3870ff63e25636", size = 26087551, upload-time = "2025-07-18T00:56:26.758Z" },
    { url = "https://files.pythonhosted.org/packages/c9/ab/357d0d9648bb8241ee7348e564f2479d206ebe6e1c47ac5027c2e31ecd39/pyarrow-21.0.0-cp313-cp313t-macosx_12_0_arm64.whl", hash = "sha256:a7a102574faa3f421141a64c10216e078df467ab9576684d5cd696952546e2da", size = 31290064, upload-time = "2025-07-18T00:56:30.214Z" },
    { url = "https://files.pythonhosted.org/packages/3f/8a/5685d62a990e4cac2043fc76b4661bf38d06efed55cf45a334b455bd2759/pyarrow-21.0.0-cp313-cp313t-macosx_12_0_x86_64.whl", hash = "sha256:1e005378c4a2c6db3ada3ad4c217b381f6c886f0a80d6a316fe586b90f77efd7", size = 32727837, upload-time = "2025-07-18T00:56:33.935Z" },
    { url = "https://files.pythonhosted.org/packages/fc/de/c0828ee09525c2bafefd3e736a248ebe764d07d0fd762d4f0929dbc516c9/pyarrow-21.0.0-cp313-cp313t-manylinux_2_28_aarch64.whl", hash = "sha256:65f8e85f79031449ec8706b74504a316805217b35b6099155dd7e227eef0d4b6", size = 41014158, upload-time = "2025-07-18T00:56:37.528Z" },
    { url = "https://files.pythonhosted.org/packages/6e/26/a2865c420c50b7a3748320b614f3484bfcde8347b2639b2b903b21ce6a72/pyarrow-21.0.0-cp313-cp313t-manylinux_2_28_x86_64.whl", hash = "sha256:3a81486adc665c7eb1a2bde0224cfca6ceaba344a82a971ef059678417880eb8", size = 42667885, upload-time = "2025-07-18T00:56:41.483Z" },
    { url = "https://files.pythonhosted.org/packages/0a/f9/4ee798dc902533159250fb4321267730bc0a107d8c6889e07c3add4fe3a5/pyarrow-21.0.0-cp313-cp313t-musllinux_1_2_aarch64.whl", hash = "sha256:fc0d2f88b81dcf3ccf9a6ae17f89183762c8a94a5bdcfa09e05cfe413acf0503", size = 43276625, upload-time = "2025-07-18T00:56:48.002Z" },
    { url = "https://files.pythonhosted.org/packages/5a/da/e02544d6997037a4b0d22d8e5f66bc9315c3671371a8b18c79ade1cefe14/pyarrow-21.0.0-cp313-cp313t-musllinux_1_2_x86_64.whl", hash = "sha256:6299449adf89df38537837487a4f8d3bd91ec94354fdd2a7d30bc11c48ef6e79", size = 44951890, upload-time = "2025-07-18T00:56:52.568Z" },
    { url = "https://files.pythonhosted.org/packages/e5/4e/519c1bc1876625fe6b71e9a28287c43ec2f20f73c658b9ae1d485c0c206e/pyarrow-21.0.0-cp313-cp313t-win_amd64.whl", hash = "sha256:222c39e2c70113543982c6b34f3077962b44fca38c0bd9e68bb6781534425c10", size = 26371006, upload-time = "2025-07-18T00:56:56.379Z" },
]
