# generated by rye
# use `rye lock` or `rye sync` to update this lockfile
#
# last locked with the following flags:
#   pre: false
#   features: []
#   all-features: false
#   with-sources: false
#   generate-hashes: false
#   universal: false

-e file:.
certifi==2025.8.3
    # via requests
charset-normalizer==3.4.3
    # via requests
idna==3.10
    # via requests
iniconfig==2.1.0
    # via pytest
linkify-it-py==2.0.3
    # via markdown-it-py
markdown-it-py==4.0.0
    # via mdit-py-plugins
    # via rich
    # via textual
mdit-py-plugins==0.5.0
    # via markdown-it-py
mdurl==0.1.2
    # via markdown-it-py
packaging==25.0
    # via pytest
platformdirs==4.3.8
    # via textual
pluggy==1.6.0
    # via pytest
pygments==2.19.2
    # via pytest
    # via rich
    # via textual
pytest==8.4.1
requests==2.32.5
    # via kurs-dolara
rich==14.1.0
    # via textual
textual==5.3.0
    # via kurs-dolara
typing-extensions==4.14.1
    # via textual
uc-micro-py==1.0.3
    # via linkify-it-py
urllib3==2.5.0
    # via requests
