version = 1
revision = 3
requires-python = ">=3.11"

[[package]]
name = "p4async"
version = "0.1.4"
source = { editable = "." }
dependencies = [
    { name = "p4python" },
]

[package.metadata]
requires-dist = [{ name = "p4python", specifier = ">=2020.1.0" }]

[[package]]
name = "p4python"
version = "2025.1.2767466"
source = { registry = "https://pypi.org/simple" }
sdist = { url = "https://files.pythonhosted.org/packages/3f/e5/2ed5c9bf2af0f76bfe64c1e3045d26341cded10bf483e71f6ffb91cb83fe/p4python-2025.1.2767466.tar.gz", hash = "sha256:9e8dac74306df9dfa5e600bb0593c7bbc280c6d74b910e5e722ae853002cc369", size = 84958, upload-time = "2025-05-22T03:07:46.823Z" }
wheels = [
    { url = "https://files.pythonhosted.org/packages/f5/99/0d4cd9b8001b1b9faca556c1bd72c0f813e7f2426b9b017f2f60d77a2d41/p4python-2025.1.2767466-cp311-cp311-macosx_10_15_x86_64.whl", hash = "sha256:6564ac6a351082607bd977cf3b0c6621709414d95f795e635bcdc639f5368812", size = 5015694, upload-time = "2025-05-22T03:05:57.139Z" },
    { url = "https://files.pythonhosted.org/packages/23/93/dc0439af515c05cb8488090f74c9f6eefd62c0373631bb209c9cde81cfaf/p4python-2025.1.2767466-cp311-cp311-macosx_11_0_arm64.whl", hash = "sha256:0173733a99ac844c15a8802bc5e2d7a8e82728ccd83255b714f8b8a819907796", size = 4763789, upload-time = "2025-05-22T03:06:00.443Z" },
    { url = "https://files.pythonhosted.org/packages/6a/39/7226025c8e26b88f26d37b57657f4ebf8024234d52d3cf745c4075005cbf/p4python-2025.1.2767466-cp311-cp311-manylinux_2_28_aarch64.whl", hash = "sha256:043f6bda1879ddbb6ee3f0a8b4f1543554e4490d9f2dde2aeafd2ddbd0481f71", size = 28031339, upload-time = "2025-05-22T03:06:11.476Z" },
    { url = "https://files.pythonhosted.org/packages/83/b4/abe48c17b3db5c2249b531482fe2a6a4909c8685248440e479e55d93d993/p4python-2025.1.2767466-cp311-cp311-manylinux_2_28_x86_64.whl", hash = "sha256:33b2727a6a816e8239f146f4ecc6eac24fa283e0354c336a98c7c89a1a01b5c8", size = 28693688, upload-time = "2025-05-22T03:06:21.914Z" },
    { url = "https://files.pythonhosted.org/packages/53/01/3910a276ab1078bfeb3145f6346deb9fc7451d9c92a206f0a085a624e10f/p4python-2025.1.2767466-cp311-cp311-win32.whl", hash = "sha256:137a5cb8bf60b70b532a5723ec172fbca61412a605ab170def6b79e0fdcc6bde", size = 3297241, upload-time = "2025-05-22T03:06:25.489Z" },
    { url = "https://files.pythonhosted.org/packages/d4/f0/5b341ccd48d716e32ef691fbcf662ead12d131306d3d5f2ea1fa3fc05502/p4python-2025.1.2767466-cp311-cp311-win_amd64.whl", hash = "sha256:abe786f98798a93890ad4e15477d77d8b5dd4a799d3f80f301c39bb00fd7c860", size = 3834227, upload-time = "2025-05-22T03:06:28.043Z" },
    { url = "https://files.pythonhosted.org/packages/f4/c3/c2a51814145de679832bfc2286de85f3537506e2f944da58d309bdbe72a7/p4python-2025.1.2767466-cp312-cp312-macosx_10_15_x86_64.whl", hash = "sha256:e143760643ffc31d97acd5b8ba3d2fed5c75218349928d5871d45840ecfafebe", size = 5016001, upload-time = "2025-05-22T03:06:31.822Z" },
    { url = "https://files.pythonhosted.org/packages/1d/31/0dbbcbd6ed233871a66cc6e1968c687eefb3b8c9924319b9655f48096e86/p4python-2025.1.2767466-cp312-cp312-macosx_11_0_arm64.whl", hash = "sha256:42edb2a0e323124b282cdeb02cc1dd228d93131a69c9adbbc4b63c7d7cc90984", size = 4763719, upload-time = "2025-05-22T03:06:35.583Z" },
    { url = "https://files.pythonhosted.org/packages/a4/c1/1ec135969e612c15b99957aba26a7044dd76a155675737179e8198f18056/p4python-2025.1.2767466-cp312-cp312-manylinux_2_28_aarch64.whl", hash = "sha256:710941567e986b15b10d4104e2e1f61d1cdb769580fec5aabce84137865e3445", size = 28032452, upload-time = "2025-05-22T03:06:41.569Z" },
    { url = "https://files.pythonhosted.org/packages/82/e0/6ad34f15c823afa1f2057b40d17d8b5379f68a69aacde7b6976c14ddf568/p4python-2025.1.2767466-cp312-cp312-manylinux_2_28_x86_64.whl", hash = "sha256:438bde3ebae33cebb40433dce2553f350ca3a1ed3a1f417275c07e2464cb17bb", size = 28696107, upload-time = "2025-05-22T03:06:51.95Z" },
    { url = "https://files.pythonhosted.org/packages/f7/a9/57e268e2b558ca7455b764f9636f75837b9fb1d6687878b23a10ac1ef3b9/p4python-2025.1.2767466-cp312-cp312-win32.whl", hash = "sha256:456cfe37ecc7a24b46d242b3a28c47e74432dd9fd50983e7c4058fe8e8479a72", size = 3297003, upload-time = "2025-05-22T03:06:54.899Z" },
    { url = "https://files.pythonhosted.org/packages/4d/f3/cd58d52e9159299ed06e61bf898d69d48ba108a336733db1b624a6a0a1eb/p4python-2025.1.2767466-cp312-cp312-win_amd64.whl", hash = "sha256:72aa426d5e97e4f7199f3814e6530970585c8e1fde06f00e890ea33901489244", size = 3834362, upload-time = "2025-05-22T03:06:56.949Z" },
    { url = "https://files.pythonhosted.org/packages/22/33/a5cc555663409dcee47b2504434d241b3a88a7760327959b4e47eb8c2371/p4python-2025.1.2767466-cp313-cp313-macosx_10_15_x86_64.whl", hash = "sha256:0b73fc03862e4dbda25f4d4c29b748239b58771da0860f27556d8e1d0f942f49", size = 5015942, upload-time = "2025-05-22T03:06:59.227Z" },
    { url = "https://files.pythonhosted.org/packages/52/d0/08043029185917d11e3046240b4b62808d52c14a7d318229f622e9b6ff01/p4python-2025.1.2767466-cp313-cp313-macosx_11_0_arm64.whl", hash = "sha256:f4ffa3f8a586c6a230b98abfb614cef3066484e7dc80581dfaff6b408329d29a", size = 4763764, upload-time = "2025-05-22T03:07:01.445Z" },
    { url = "https://files.pythonhosted.org/packages/5e/ad/f080f2dfe6e67829a446055a209de2ae7b92bee6288d65e0bef433e1338a/p4python-2025.1.2767466-cp313-cp313-manylinux_2_28_aarch64.whl", hash = "sha256:6e0262d99ec0e3af9ada4c977914d95775dad36be811aa6eebec6083e75ff7b6", size = 28032207, upload-time = "2025-05-22T03:07:09.472Z" },
    { url = "https://files.pythonhosted.org/packages/e7/01/3fdb6b06b16fd91f9dc15306a2d8c912d0a687c32c12e2232e4b53ed9eca/p4python-2025.1.2767466-cp313-cp313-manylinux_2_28_x86_64.whl", hash = "sha256:6a682521bc25f33f8aab6a33f49d9f81be4a2192dd1a36aeb8eeeadd396eb0cf", size = 28696178, upload-time = "2025-05-22T03:07:17.626Z" },
    { url = "https://files.pythonhosted.org/packages/9e/bd/3e7e0384a9daa496983128033c9dbaa4d212d6a97ea09976650169fd7923/p4python-2025.1.2767466-cp313-cp313-win32.whl", hash = "sha256:d00df6a58587f8ad9e12b7be43ab442cfe448416aee61f16e0b3c856081b9493", size = 3296981, upload-time = "2025-05-22T03:07:21.197Z" },
    { url = "https://files.pythonhosted.org/packages/4e/bd/740c7ee14f9e53e3887ab79fd8e60ee2bcf819266a199f7750b162016f87/p4python-2025.1.2767466-cp313-cp313-win_amd64.whl", hash = "sha256:5d3e1f4628f30d6a7851e4c874d6b393637cf67f9c5a71c742ad474010d6f91b", size = 3834372, upload-time = "2025-05-22T03:07:23.875Z" },
]
